
Microsoft Visual Studio Solution File, Format Version 12.00
# Visual Studio Version 17
VisualStudioVersion = 17.9.34622.214
MinimumVisualStudioVersion = 10.0.40219.1
Project("{FAE04EC0-301F-11D3-BF4B-00C04F79EFBC}") = "SlutProjekt_Avancerad.NET", "SlutProjekt_Avancerad.NET\SlutProjekt_Avancerad.NET.csproj", "{15A098CE-A4FF-4995-8716-935445977C83}"
EndProject
Project("{FAE04EC0-301F-11D3-BF4B-00C04F79EFBC}") = "SlutProjekt_ClassLibrary", "SlutProjekt_ClassLibrary\SlutProjekt_ClassLibrary.csproj", "{DFA2C517-CE31-4D4C-9919-DDA895AA43E6}"
EndProject
Global
	GlobalSection(SolutionConfigurationPlatforms) = preSolution
		Debug|Any CPU = Debug|Any CPU
		Release|Any CPU = Release|Any CPU
	EndGlobalSection
	GlobalSection(ProjectConfigurationPlatforms) = postSolution
		{15A098CE-A4FF-4995-8716-935445977C83}.Debug|Any CPU.ActiveCfg = Debug|Any CPU
		{15A098CE-A4FF-4995-8716-935445977C83}.Debug|Any CPU.Build.0 = Debug|Any CPU
		{15A098CE-A4FF-4995-8716-935445977C83}.Release|Any CPU.ActiveCfg = Release|Any CPU
		{15A098CE-A4FF-4995-8716-935445977C83}.Release|Any CPU.Build.0 = Release|Any CPU
		{DFA2C517-CE31-4D4C-9919-DDA895AA43E6}.Debug|Any CPU.ActiveCfg = Debug|Any CPU
		{DFA2C517-CE31-4D4C-9919-DDA895AA43E6}.Debug|Any CPU.Build.0 = Debug|Any CPU
		{DFA2C517-CE31-4D4C-9919-DDA895AA43E6}.Release|Any CPU.ActiveCfg = Release|Any CPU
		{DFA2C517-CE31-4D4C-9919-DDA895AA43E6}.Release|Any CPU.Build.0 = Release|Any CPU
	EndGlobalSection
	GlobalSection(SolutionProperties) = preSolution
		HideSolutionNode = FALSE
	EndGlobalSection
	GlobalSection(ExtensibilityGlobals) = postSolution
		SolutionGuid = {65A3279E-698A-4871-872D-EF8034B749CF}
	EndGlobalSection
EndGlobal
